
Microsoft Visual Studio Solution File, Format Version 12.00
# Visual Studio Version 17
VisualStudioVersion = 17.8.34511.84
MinimumVisualStudioVersion = 10.0.40219.1
Project("{9A19103F-16F7-4668-BE54-9A1E7A4F7556}") = "Online Food Ordering System", "Online Food Ordering System\Online Food Ordering System.csproj", "{FD0BC5F9-996E-4273-83C5-032BDDC67791}"
EndProject
Global
	GlobalSection(SolutionConfigurationPlatforms) = preSolution
		Debug|Any CPU = Debug|Any CPU
		Release|Any CPU = Release|Any CPU
	EndGlobalSection
	GlobalSection(ProjectConfigurationPlatforms) = postSolution
		{FD0BC5F9-996E-4273-83C5-032BDDC67791}.Debug|Any CPU.ActiveCfg = Debug|Any CPU
		{FD0BC5F9-996E-4273-83C5-032BDDC67791}.Debug|Any CPU.Build.0 = Debug|Any CPU
		{FD0BC5F9-996E-4273-83C5-032BDDC67791}.Release|Any CPU.ActiveCfg = Release|Any CPU
		{FD0BC5F9-996E-4273-83C5-032BDDC67791}.Release|Any CPU.Build.0 = Release|Any CPU
	EndGlobalSection
	GlobalSection(SolutionProperties) = preSolution
		HideSolutionNode = FALSE
	EndGlobalSection
	GlobalSection(ExtensibilityGlobals) = postSolution
		SolutionGuid = {C416572E-0540-42B3-B53A-494B0FF428A9}
	EndGlobalSection
EndGlobal
